Microsoft Visual Studio Solution File, Format Version 12.00
# Visual Studio Version 17
VisualStudioVersion = 17.5.2.0
MinimumVisualStudioVersion = 10.0.40219.1
Project("{FAE04EC0-301F-11D3-BF4B-00C04F79EFBC}") = "Compare_Sort_Algo", "Compare_Sort_Algo\Compare_Sort_Algo.csproj", "{B73126E5-146E-4F72-B6AD-E5577C4ACAB5}"
EndProject
Global
	GlobalSection(SolutionConfigurationPlatforms) = preSolution
		Debug|Any CPU = Debug|Any CPU
		Release|Any CPU = Release|Any CPU
	EndGlobalSection
	GlobalSection(ProjectConfigurationPlatforms) = postSolution
		{B73126E5-146E-4F72-B6AD-E5577C4ACAB5}.Debug|Any CPU.ActiveCfg = Debug|Any CPU
		{B73126E5-146E-4F72-B6AD-E5577C4ACAB5}.Debug|Any CPU.Build.0 = Debug|Any CPU
		{B73126E5-146E-4F72-B6AD-E5577C4ACAB5}.Release|Any CPU.ActiveCfg = Release|Any CPU
		{B73126E5-146E-4F72-B6AD-E5577C4ACAB5}.Release|Any CPU.Build.0 = Release|Any CPU
	EndGlobalSection
	GlobalSection(SolutionProperties) = preSolution
		HideSolutionNode = FALSE
	EndGlobalSection
	GlobalSection(ExtensibilityGlobals) = postSolution
		SolutionGuid = {7C605F45-7917-48B8-A3ED-2EC01464C4AE}
	EndGlobalSection
EndGlobal
